
Microsoft Visual Studio Solution File, Format Version 12.00
# Visual Studio Version 16
VisualStudioVersion = 16.0.32901.82
MinimumVisualStudioVersion = 10.0.40219.1
Project("{FAE04EC0-301F-11D3-BF4B-00C04F79EFBC}") = "WebApplication1", "WebApplication1\WebApplication1.csproj", "{03461F5A-A778-42F1-8EEC-84ACA0D7C43F}"
EndProject
Global
	GlobalSection(SolutionConfigurationPlatforms) = preSolution
		Debug|Any CPU = Debug|Any CPU
		Release|Any CPU = Release|Any CPU
	EndGlobalSection
	GlobalSection(ProjectConfigurationPlatforms) = postSolution
		{03461F5A-A778-42F1-8EEC-84ACA0D7C43F}.Debug|Any CPU.ActiveCfg = Debug|Any CPU
		{03461F5A-A778-42F1-8EEC-84ACA0D7C43F}.Debug|Any CPU.Build.0 = Debug|Any CPU
		{03461F5A-A778-42F1-8EEC-84ACA0D7C43F}.Release|Any CPU.ActiveCfg = Release|Any CPU
		{03461F5A-A778-42F1-8EEC-84ACA0D7C43F}.Release|Any CPU.Build.0 = Release|Any CPU
	EndGlobalSection
	GlobalSection(SolutionProperties) = preSolution
		HideSolutionNode = FALSE
	EndGlobalSection
	GlobalSection(ExtensibilityGlobals) = postSolution
		SolutionGuid = {C0BA7BA6-B0DB-4851-A9C4-767F5CECA039}
	EndGlobalSection
EndGlobal
